
Microsoft Visual Studio Solution File, Format Version 12.00
# Visual Studio 2013
VisualStudioVersion = 12.0.21005.1
MinimumVisualStudioVersion = 10.0.40219.1
Project("{FAE04EC0-301F-11D3-BF4B-00C04F79EFBC}") = "MvcApplication1", "MvcApplication1\MvcApplication1.csproj", "{FCED207C-2DB2-4D91-A871-81600F9C7080}"
EndProject
Project("{FAE04EC0-301F-11D3-BF4B-00C04F79EFBC}") = "MvcApplication1.Tests", "MvcApplication1.Tests\MvcApplication1.Tests.csproj", "{A78A9E7D-0BA0-4B27-B7B9-D28613AF66F0}"
EndProject
Global
	GlobalSection(SolutionConfigurationPlatforms) = preSolution
		Debug|Any CPU = Debug|Any CPU
		Release|Any CPU = Release|Any CPU
	EndGlobalSection
	GlobalSection(ProjectConfigurationPlatforms) = postSolution
		{FCED207C-2DB2-4D91-A871-81600F9C7080}.Debug|Any CPU.ActiveCfg = Debug|Any CPU
		{FCED207C-2DB2-4D91-A871-81600F9C7080}.Debug|Any CPU.Build.0 = Debug|Any CPU
		{FCED207C-2DB2-4D91-A871-81600F9C7080}.Release|Any CPU.ActiveCfg = Release|Any CPU
		{FCED207C-2DB2-4D91-A871-81600F9C7080}.Release|Any CPU.Build.0 = Release|Any CPU
		{A78A9E7D-0BA0-4B27-B7B9-D28613AF66F0}.Debug|Any CPU.ActiveCfg = Debug|Any CPU
		{A78A9E7D-0BA0-4B27-B7B9-D28613AF66F0}.Debug|Any CPU.Build.0 = Debug|Any CPU
		{A78A9E7D-0BA0-4B27-B7B9-D28613AF66F0}.Release|Any CPU.ActiveCfg = Release|Any CPU
		{A78A9E7D-0BA0-4B27-B7B9-D28613AF66F0}.Release|Any CPU.Build.0 = Release|Any CPU
	EndGlobalSection
	GlobalSection(SolutionProperties) = preSolution
		HideSolutionNode = FALSE
	EndGlobalSection
EndGlobal
